
Microsoft Visual Studio Solution File, Format Version 12.00
# Visual Studio Version 17
VisualStudioVersion = 17.5.33502.453
MinimumVisualStudioVersion = 10.0.40219.1
Project("{FAE04EC0-301F-11D3-BF4B-00C04F79EFBC}") = "Detyre1PMVC", "Detyre1PMVC\Detyre1PMVC.csproj", "{87DDCD49-3227-43B6-AAA7-9FC68EC257BF}"
EndProject
Global
	GlobalSection(SolutionConfigurationPlatforms) = preSolution
		Debug|Any CPU = Debug|Any CPU
		Release|Any CPU = Release|Any CPU
	EndGlobalSection
	GlobalSection(ProjectConfigurationPlatforms) = postSolution
		{87DDCD49-3227-43B6-AAA7-9FC68EC257BF}.Debug|Any CPU.ActiveCfg = Debug|Any CPU
		{87DDCD49-3227-43B6-AAA7-9FC68EC257BF}.Debug|Any CPU.Build.0 = Debug|Any CPU
		{87DDCD49-3227-43B6-AAA7-9FC68EC257BF}.Release|Any CPU.ActiveCfg = Release|Any CPU
		{87DDCD49-3227-43B6-AAA7-9FC68EC257BF}.Release|Any CPU.Build.0 = Release|Any CPU
	EndGlobalSection
	GlobalSection(SolutionProperties) = preSolution
		HideSolutionNode = FALSE
	EndGlobalSection
	GlobalSection(ExtensibilityGlobals) = postSolution
		SolutionGuid = {25F8806D-F850-4EC1-A75B-3ED7897F2256}
	EndGlobalSection
EndGlobal
